
Microsoft Visual Studio Solution File, Format Version 12.00
# Visual Studio Version 17
VisualStudioVersion = 17.7.34024.191
MinimumVisualStudioVersion = 10.0.40219.1
Project("{FAE04EC0-301F-11D3-BF4B-00C04F79EFBC}") = "Proyecto dados 2", "Proyecto dados 2\Proyecto dados 2.csproj", "{F3033B94-EAFC-4691-87A9-2713C11D2986}"
EndProject
Global
	GlobalSection(SolutionConfigurationPlatforms) = preSolution
		Debug|Any CPU = Debug|Any CPU
		Release|Any CPU = Release|Any CPU
	EndGlobalSection
	GlobalSection(ProjectConfigurationPlatforms) = postSolution
		{F3033B94-EAFC-4691-87A9-2713C11D2986}.Debug|Any CPU.ActiveCfg = Debug|Any CPU
		{F3033B94-EAFC-4691-87A9-2713C11D2986}.Debug|Any CPU.Build.0 = Debug|Any CPU
		{F3033B94-EAFC-4691-87A9-2713C11D2986}.Release|Any CPU.ActiveCfg = Release|Any CPU
		{F3033B94-EAFC-4691-87A9-2713C11D2986}.Release|Any CPU.Build.0 = Release|Any CPU
	EndGlobalSection
	GlobalSection(SolutionProperties) = preSolution
		HideSolutionNode = FALSE
	EndGlobalSection
	GlobalSection(ExtensibilityGlobals) = postSolution
		SolutionGuid = {CD48E037-DA39-401F-93F1-17A8969E362A}
	EndGlobalSection
EndGlobal
