
Microsoft Visual Studio Solution File, Format Version 12.00
# Visual Studio Version 17
VisualStudioVersion = 17.7.34024.191
MinimumVisualStudioVersion = 10.0.40219.1
Project("{FAE04EC0-301F-11D3-BF4B-00C04F79EFBC}") = "T1_DEGB_1135123", "T1_DEGB_1135123\T1_DEGB_1135123.csproj", "{3D4FC19F-A464-43E8-97B6-60D4AF193867}"
EndProject
Global
	GlobalSection(SolutionConfigurationPlatforms) = preSolution
		Debug|Any CPU = Debug|Any CPU
		Release|Any CPU = Release|Any CPU
	EndGlobalSection
	GlobalSection(ProjectConfigurationPlatforms) = postSolution
		{3D4FC19F-A464-43E8-97B6-60D4AF193867}.Debug|Any CPU.ActiveCfg = Debug|Any CPU
		{3D4FC19F-A464-43E8-97B6-60D4AF193867}.Debug|Any CPU.Build.0 = Debug|Any CPU
		{3D4FC19F-A464-43E8-97B6-60D4AF193867}.Release|Any CPU.ActiveCfg = Release|Any CPU
		{3D4FC19F-A464-43E8-97B6-60D4AF193867}.Release|Any CPU.Build.0 = Release|Any CPU
	EndGlobalSection
	GlobalSection(SolutionProperties) = preSolution
		HideSolutionNode = FALSE
	EndGlobalSection
	GlobalSection(ExtensibilityGlobals) = postSolution
		SolutionGuid = {50B6BCAB-8F8D-48A3-94E5-7903AD0D1F4A}
	EndGlobalSection
EndGlobal
