
Microsoft Visual Studio Solution File, Format Version 12.00
# Visual Studio Version 17
VisualStudioVersion = 17.7.34024.191
MinimumVisualStudioVersion = 10.0.40219.1
Project("{FAE04EC0-301F-11D3-BF4B-00C04F79EFBC}") = "L13_DEGB_1135123", "L13_DEGB_1135123\L13_DEGB_1135123.csproj", "{1BBFC8FD-B643-4D72-B729-3A86AE4291A6}"
EndProject
Global
	GlobalSection(SolutionConfigurationPlatforms) = preSolution
		Debug|Any CPU = Debug|Any CPU
		Release|Any CPU = Release|Any CPU
	EndGlobalSection
	GlobalSection(ProjectConfigurationPlatforms) = postSolution
		{1BBFC8FD-B643-4D72-B729-3A86AE4291A6}.Debug|Any CPU.ActiveCfg = Debug|Any CPU
		{1BBFC8FD-B643-4D72-B729-3A86AE4291A6}.Debug|Any CPU.Build.0 = Debug|Any CPU
		{1BBFC8FD-B643-4D72-B729-3A86AE4291A6}.Release|Any CPU.ActiveCfg = Release|Any CPU
		{1BBFC8FD-B643-4D72-B729-3A86AE4291A6}.Release|Any CPU.Build.0 = Release|Any CPU
	EndGlobalSection
	GlobalSection(SolutionProperties) = preSolution
		HideSolutionNode = FALSE
	EndGlobalSection
	GlobalSection(ExtensibilityGlobals) = postSolution
		SolutionGuid = {54388CF7-7DAA-4E14-8049-E11A1D417D2D}
	EndGlobalSection
EndGlobal
