
Microsoft Visual Studio Solution File, Format Version 12.00
# Visual Studio Version 17
VisualStudioVersion = 17.7.34024.191
MinimumVisualStudioVersion = 10.0.40219.1
Project("{FAE04EC0-301F-11D3-BF4B-00C04F79EFBC}") = "Proyecto dados", "Proyecto dados\Proyecto dados.csproj", "{68468336-A529-44C4-B654-4F52FE0EE73C}"
EndProject
Global
	GlobalSection(SolutionConfigurationPlatforms) = preSolution
		Debug|Any CPU = Debug|Any CPU
		Release|Any CPU = Release|Any CPU
	EndGlobalSection
	GlobalSection(ProjectConfigurationPlatforms) = postSolution
		{68468336-A529-44C4-B654-4F52FE0EE73C}.Debug|Any CPU.ActiveCfg = Debug|Any CPU
		{68468336-A529-44C4-B654-4F52FE0EE73C}.Debug|Any CPU.Build.0 = Debug|Any CPU
		{68468336-A529-44C4-B654-4F52FE0EE73C}.Release|Any CPU.ActiveCfg = Release|Any CPU
		{68468336-A529-44C4-B654-4F52FE0EE73C}.Release|Any CPU.Build.0 = Release|Any CPU
	EndGlobalSection
	GlobalSection(SolutionProperties) = preSolution
		HideSolutionNode = FALSE
	EndGlobalSection
	GlobalSection(ExtensibilityGlobals) = postSolution
		SolutionGuid = {C64EE3E5-7F0F-449F-9EFF-18340C2078A1}
	EndGlobalSection
EndGlobal
